
Microsoft Visual Studio Solution File, Format Version 12.00
# Visual Studio 15
VisualStudioVersion = 15.0.28307.1062
MinimumVisualStudioVersion = 10.0.40219.1
Project("{FAE04EC0-301F-11D3-BF4B-00C04F79EFBC}") = "OnlineCourseClient", "OnlineCourseClient.csproj", "{4B85F77D-C160-402F-9E79-3DEF52BDFB1E}"
EndProject
Project("{FAE04EC0-301F-11D3-BF4B-00C04F79EFBC}") = "OnlineCourseServer", "..\Server\OnlineCourseServer.csproj", "{F47BB944-06B5-488C-B330-6CBAC7782F7E}"
EndProject
Project("{54435603-DBB4-11D2-8724-00A0C9A8B90C}") = "OnlineCourseSetup", "..\OnlineCourseSetup\OnlineCourseSetup.vdproj", "{15EEAF54-DB44-420C-BE1F-A59623147754}"
EndProject
Global
	GlobalSection(SolutionConfigurationPlatforms) = preSolution
		Debug|Any CPU = Debug|Any CPU
		Debug|x64 = Debug|x64
		Release|Any CPU = Release|Any CPU
		Release|x64 = Release|x64
	EndGlobalSection
	GlobalSection(ProjectConfigurationPlatforms) = postSolution
		{4B85F77D-C160-402F-9E79-3DEF52BDFB1E}.Debug|Any CPU.ActiveCfg = Debug|Any CPU
		{4B85F77D-C160-402F-9E79-3DEF52BDFB1E}.Debug|Any CPU.Build.0 = Debug|Any CPU
		{4B85F77D-C160-402F-9E79-3DEF52BDFB1E}.Debug|x64.ActiveCfg = Debug|x64
		{4B85F77D-C160-402F-9E79-3DEF52BDFB1E}.Debug|x64.Build.0 = Debug|x64
		{4B85F77D-C160-402F-9E79-3DEF52BDFB1E}.Release|Any CPU.ActiveCfg = Release|Any CPU
		{4B85F77D-C160-402F-9E79-3DEF52BDFB1E}.Release|Any CPU.Build.0 = Release|Any CPU
		{4B85F77D-C160-402F-9E79-3DEF52BDFB1E}.Release|x64.ActiveCfg = Release|x64
		{4B85F77D-C160-402F-9E79-3DEF52BDFB1E}.Release|x64.Build.0 = Release|x64
		{F47BB944-06B5-488C-B330-6CBAC7782F7E}.Debug|Any CPU.ActiveCfg = Debug|Any CPU
		{F47BB944-06B5-488C-B330-6CBAC7782F7E}.Debug|Any CPU.Build.0 = Debug|Any CPU
		{F47BB944-06B5-488C-B330-6CBAC7782F7E}.Debug|x64.ActiveCfg = Debug|Any CPU
		{F47BB944-06B5-488C-B330-6CBAC7782F7E}.Debug|x64.Build.0 = Debug|Any CPU
		{F47BB944-06B5-488C-B330-6CBAC7782F7E}.Release|Any CPU.ActiveCfg = Release|Any CPU
		{F47BB944-06B5-488C-B330-6CBAC7782F7E}.Release|Any CPU.Build.0 = Release|Any CPU
		{F47BB944-06B5-488C-B330-6CBAC7782F7E}.Release|x64.ActiveCfg = Release|Any CPU
		{F47BB944-06B5-488C-B330-6CBAC7782F7E}.Release|x64.Build.0 = Release|Any CPU
		{15EEAF54-DB44-420C-BE1F-A59623147754}.Debug|Any CPU.ActiveCfg = Debug
		{15EEAF54-DB44-420C-BE1F-A59623147754}.Debug|x64.ActiveCfg = Debug
		{15EEAF54-DB44-420C-BE1F-A59623147754}.Release|Any CPU.ActiveCfg = Release
		{15EEAF54-DB44-420C-BE1F-A59623147754}.Release|x64.ActiveCfg = Release
	EndGlobalSection
	GlobalSection(SolutionProperties) = preSolution
		HideSolutionNode = FALSE
	EndGlobalSection
	GlobalSection(ExtensibilityGlobals) = postSolution
		SolutionGuid = {FB1556D4-D516-4995-9AA8-F402E770FA05}
	EndGlobalSection
EndGlobal
