
Microsoft Visual Studio Solution File, Format Version 12.00
# Visual Studio Version 16
VisualStudioVersion = 16.0.29613.14
MinimumVisualStudioVersion = 10.0.40219.1
Project("{FAE04EC0-301F-11D3-BF4B-00C04F79EFBC}") = "OnlineCourseClient", "OnlineCourseClient.csproj", "{4B85F77D-C160-402F-9E79-3DEF52BDFB1E}"
EndProject
Project("{FAE04EC0-301F-11D3-BF4B-00C04F79EFBC}") = "OnlineCourseServer", "..\Server\OnlineCourseServer.csproj", "{F47BB944-06B5-488C-B330-6CBAC7782F7E}"
EndProject
Global
	GlobalSection(SolutionConfigurationPlatforms) = preSolution
		Debug|Any CPU = Debug|Any CPU
		Release|Any CPU = Release|Any CPU
	EndGlobalSection
	GlobalSection(ProjectConfigurationPlatforms) = postSolution
		{4B85F77D-C160-402F-9E79-3DEF52BDFB1E}.Debug|Any CPU.ActiveCfg = Debug|Any CPU
		{4B85F77D-C160-402F-9E79-3DEF52BDFB1E}.Debug|Any CPU.Build.0 = Debug|Any CPU
		{4B85F77D-C160-402F-9E79-3DEF52BDFB1E}.Release|Any CPU.ActiveCfg = Release|Any CPU
		{4B85F77D-C160-402F-9E79-3DEF52BDFB1E}.Release|Any CPU.Build.0 = Release|Any CPU
		{F47BB944-06B5-488C-B330-6CBAC7782F7E}.Debug|Any CPU.ActiveCfg = Debug|Any CPU
		{F47BB944-06B5-488C-B330-6CBAC7782F7E}.Debug|Any CPU.Build.0 = Debug|Any CPU
		{F47BB944-06B5-488C-B330-6CBAC7782F7E}.Release|Any CPU.ActiveCfg = Release|Any CPU
		{F47BB944-06B5-488C-B330-6CBAC7782F7E}.Release|Any CPU.Build.0 = Release|Any CPU
	EndGlobalSection
	GlobalSection(SolutionProperties) = preSolution
		HideSolutionNode = FALSE
	EndGlobalSection
	GlobalSection(ExtensibilityGlobals) = postSolution
		SolutionGuid = {FB1556D4-D516-4995-9AA8-F402E770FA05}
	EndGlobalSection
EndGlobal
